
Microsoft Visual Studio Solution File, Format Version 12.00
# Visual Studio Version 16
VisualStudioVersion = 16.0.31624.102
MinimumVisualStudioVersion = 10.0.40219.1
Project("{FAE04EC0-301F-11D3-BF4B-00C04F79EFBC}") = "G1ANT.Addon.PDF", "G1ANT.Addon.PDF\G1ANT.Addon.PDF.csproj", "{D7E5E4D9-4B1E-47BC-A60F-CA0E5ED8DEA7}"
EndProject
Global
	GlobalSection(SolutionConfigurationPlatforms) = preSolution
		Debug|Any CPU = Debug|Any CPU
		Release|Any CPU = Release|Any CPU
	EndGlobalSection
	GlobalSection(ProjectConfigurationPlatforms) = postSolution
		{D7E5E4D9-4B1E-47BC-A60F-CA0E5ED8DEA7}.Debug|Any CPU.ActiveCfg = Debug|Any CPU
		{D7E5E4D9-4B1E-47BC-A60F-CA0E5ED8DEA7}.Debug|Any CPU.Build.0 = Debug|Any CPU
		{D7E5E4D9-4B1E-47BC-A60F-CA0E5ED8DEA7}.Release|Any CPU.ActiveCfg = Release|Any CPU
		{D7E5E4D9-4B1E-47BC-A60F-CA0E5ED8DEA7}.Release|Any CPU.Build.0 = Release|Any CPU
	EndGlobalSection
	GlobalSection(SolutionProperties) = preSolution
		HideSolutionNode = FALSE
	EndGlobalSection
	GlobalSection(ExtensibilityGlobals) = postSolution
		SolutionGuid = {DCB93253-DF10-4ACB-B145-6B8CFDF80BA6}
	EndGlobalSection
EndGlobal
